<?xml version="1.0" encoding="utf-8"?>
<Project ToolsVersion="4.0" xmlns="http://schemas.microsoft.com/developer/msbuild/2003">
  <ItemGroup>
    <ClCompile Include="src\character\enemy\collider\EnemyCollider.cpp">
      <Filter>character\enemy\collider</Filter>
    </ClCompile>
    <ClCompile Include="src\character\enemy\state\EnemyChaseState.cpp">
      <Filter>character\enemy\state</Filter>
    </ClCompile>
    <ClCompile Include="src\character\enemy\state\EnemyStateMachine.cpp">
      <Filter>character\enemy\state</Filter>
    </ClCompile>
    <ClCompile Include="src\character\enemy\state\EnemyIdleState.cpp">
      <Filter>character\enemy\state</Filter>
    </ClCompile>
    <ClCompile Include="src\character\enemy\Enemy.cpp">
      <Filter>character\enemy</Filter>
    </ClCompile>
    <ClCompile Include="src\character\player\CameraInput.cpp">
      <Filter>character\player</Filter>
    </ClCompile>
    <ClCompile Include="src\character\player\FollowCamera.cpp">
      <Filter>character\player</Filter>
    </ClCompile>
    <ClCompile Include="src\character\player\Player.cpp">
      <Filter>character\player</Filter>
    </ClCompile>
    <ClCompile Include="src\character\player\PlayerAttackHitReceiver.cpp">
      <Filter>character\player</Filter>
    </ClCompile>
    <ClCompile Include="src\character\player\PlayerAttackTrigger.cpp">
      <Filter>character\player</Filter>
    </ClCompile>
    <ClCompile Include="src\combo\ComboBuffSystem.cpp">
      <Filter>combo</Filter>
    </ClCompile>
    <ClCompile Include="src\component\collider\PlayerAttackCollider.cpp">
      <Filter>component\collider</Filter>
    </ClCompile>
    <ClCompile Include="src\component\HPComponent.cpp">
      <Filter>component</Filter>
    </ClCompile>
    <ClCompile Include="src\entity\attack\AttackRepository.cpp">
      <Filter>entity\attack</Filter>
    </ClCompile>
    <ClCompile Include="src\entity\attack\PlayerAttack.cpp">
      <Filter>entity\attack</Filter>
    </ClCompile>
    <ClCompile Include="src\combo\ComboSystem.cpp">
      <Filter>combo</Filter>
    </ClCompile>
    <ClCompile Include="src\font\FontLayout.cpp">
      <Filter>font</Filter>
    </ClCompile>
    <ClCompile Include="src\font\NumericView.cpp">
      <Filter>font</Filter>
    </ClCompile>
    <ClCompile Include="src\character\player\PlayerInput.cpp">
      <Filter>character\player</Filter>
    </ClCompile>
    <ClCompile Include="src\character\player\PlayerMovement.cpp">
      <Filter>character\player</Filter>
    </ClCompile>
    <ClCompile Include="src\component\collider\PlayerCollider.cpp">
      <Filter>component\collider</Filter>
    </ClCompile>
    <ClCompile Include="src\component\PhysicsMovement.cpp">
      <Filter>component</Filter>
    </ClCompile>
    <ClCompile Include="src\debug\DebugEntry.cpp">
      <Filter>debug</Filter>
    </ClCompile>
    <ClCompile Include="src\debug\DebugUIWrapper.cpp">
      <Filter>debug</Filter>
    </ClCompile>
    <ClCompile Include="src\factory\SceneFactory.cpp">
      <Filter>factory</Filter>
    </ClCompile>
    <ClCompile Include="src\framework\RhythmActionGame.cpp">
      <Filter>framework</Filter>
    </ClCompile>
    <ClCompile Include="src\judge\InputTimingJudge.cpp">
      <Filter>judge</Filter>
    </ClCompile>
    <ClCompile Include="src\main.cpp" />
    <ClCompile Include="src\manager\BeatManager.cpp">
      <Filter>manager</Filter>
    </ClCompile>
    <ClCompile Include="src\math\Easing.cpp">
      <Filter>math</Filter>
    </ClCompile>
    <ClCompile Include="src\physics\ColliderRepository.cpp">
      <Filter>physics</Filter>
    </ClCompile>
    <ClCompile Include="src\physics\ColliderTimer.cpp">
      <Filter>physics</Filter>
    </ClCompile>
    <ClCompile Include="src\presentation\animation\RadialBeat.cpp">
      <Filter>presentation\animation</Filter>
    </ClCompile>
    <ClCompile Include="src\scene\GameScene.cpp">
      <Filter>scene</Filter>
    </ClCompile>
    <ClCompile Include="src\stage\stage.cpp">
      <Filter>stage</Filter>
    </ClCompile>
    <ClCompile Include="src\stage\StageClearFlow.cpp">
      <Filter>stage</Filter>
    </ClCompile>
    <ClCompile Include="src\stage\StageSequence.cpp">
      <Filter>stage</Filter>
    </ClCompile>
    <ClCompile Include="src\stage\StageTransitionCollider.cpp">
      <Filter>stage</Filter>
    </ClCompile>
    <ClCompile Include="src\test\TestScene.cpp">
      <Filter>test</Filter>
    </ClCompile>
    <ClCompile Include="src\ui\ComboUI.cpp">
      <Filter>ui</Filter>
    </ClCompile>
    <ClCompile Include="src\ui\GameHUD.cpp">
      <Filter>ui</Filter>
    </ClCompile>
    <ClCompile Include="src\utility\CollisionUtility.cpp">
      <Filter>utility</Filter>
    </ClCompile>
    <ClCompile Include="src\utility\DeltaTimeManager.cpp">
      <Filter>utility</Filter>
    </ClCompile>
    <ClCompile Include="src\utility\DeltaTimeStopWatch.cpp">
      <Filter>utility</Filter>
    </ClCompile>
    <ClCompile Include="src\utility\strutl.cpp">
      <Filter>utility</Filter>
    </ClCompile>
    <ClCompile Include="src\utility\StopWatch.cpp">
      <Filter>utility</Filter>
    </ClCompile>
    <ClCompile Include="src\entity\enemy\EnemiesOnField.cpp" />
  </ItemGroup>
  <ItemGroup>
    <Filter Include="character">
      <UniqueIdentifier>{14a82086-85d0-4c2a-b4f7-e3579c218c46}</UniqueIdentifier>
    </Filter>
    <Filter Include="combo">
      <UniqueIdentifier>{fe784366-0f77-4aa4-969b-0750afa82a98}</UniqueIdentifier>
    </Filter>
    <Filter Include="component">
      <UniqueIdentifier>{e1f2d9c3-7d55-4fc7-a282-14ffbd95a3fe}</UniqueIdentifier>
    </Filter>
    <Filter Include="debug">
      <UniqueIdentifier>{905ea3e2-d5f2-4cb7-9d92-b801c05e70c2}</UniqueIdentifier>
    </Filter>
    <Filter Include="entity">
      <UniqueIdentifier>{ac4b0c4a-489a-44c8-a927-6ac159060ac1}</UniqueIdentifier>
    </Filter>
    <Filter Include="factory">
      <UniqueIdentifier>{1748daae-5d29-46d6-a4a0-3172e0e22f67}</UniqueIdentifier>
    </Filter>
    <Filter Include="font">
      <UniqueIdentifier>{37e7a640-a87e-4a9c-bfc8-d673416298bc}</UniqueIdentifier>
    </Filter>
    <Filter Include="framework">
      <UniqueIdentifier>{416f64f2-cd82-42ae-be60-f96b266f0ff3}</UniqueIdentifier>
    </Filter>
    <Filter Include="judge">
      <UniqueIdentifier>{028d5bcc-6b03-422c-87ef-e4b8068531bd}</UniqueIdentifier>
    </Filter>
    <Filter Include="manager">
      <UniqueIdentifier>{5ed9f3d6-9411-4485-9288-90af04ee55aa}</UniqueIdentifier>
    </Filter>
    <Filter Include="math">
      <UniqueIdentifier>{a54d240e-5de9-4303-ac00-20cc97b35538}</UniqueIdentifier>
    </Filter>
    <Filter Include="physics">
      <UniqueIdentifier>{8d99f3c8-4b98-4d85-a206-183e6933ba13}</UniqueIdentifier>
    </Filter>
    <Filter Include="presentation">
      <UniqueIdentifier>{ecd08e86-d953-40d7-8ee9-67bbaf722064}</UniqueIdentifier>
    </Filter>
    <Filter Include="scene">
      <UniqueIdentifier>{f6e25528-570f-46d9-a6a7-c8d716ea48ac}</UniqueIdentifier>
    </Filter>
    <Filter Include="stage">
      <UniqueIdentifier>{6888653c-9ab5-4d64-a8c6-58cf3c3e15df}</UniqueIdentifier>
    </Filter>
    <Filter Include="system">
      <UniqueIdentifier>{a4010c02-c812-4fef-ab5a-2bc048a14cb2}</UniqueIdentifier>
    </Filter>
    <Filter Include="test">
      <UniqueIdentifier>{5f0b86b3-31b1-41e4-9eb1-fb9ab3fe654e}</UniqueIdentifier>
    </Filter>
    <Filter Include="type">
      <UniqueIdentifier>{cdf02253-8032-44fa-b3d1-39faf24ef4c9}</UniqueIdentifier>
    </Filter>
    <Filter Include="ui">
      <UniqueIdentifier>{fa6df984-7340-4f4b-be79-1b408cec71e5}</UniqueIdentifier>
    </Filter>
    <Filter Include="utility">
      <UniqueIdentifier>{7d602590-06b5-4469-a139-3640a6392d0c}</UniqueIdentifier>
    </Filter>
    <Filter Include="character\enemy">
      <UniqueIdentifier>{69cb1f34-31a2-4ed3-be39-f7e646dcf4ec}</UniqueIdentifier>
    </Filter>
    <Filter Include="character\player">
      <UniqueIdentifier>{bb110f63-4dfd-400d-a116-2ddef88d57ad}</UniqueIdentifier>
    </Filter>
    <Filter Include="component\collider">
      <UniqueIdentifier>{8442421c-3b8c-4ead-8246-e77c7ad5b24f}</UniqueIdentifier>
    </Filter>
    <Filter Include="entity\attack">
      <UniqueIdentifier>{31b2d865-9c81-4806-a9bf-1dd22fae0435}</UniqueIdentifier>
    </Filter>
    <Filter Include="presentation\animation">
      <UniqueIdentifier>{67ae8c3c-745f-4fa7-a1d2-b12a5dee5021}</UniqueIdentifier>
    </Filter>
    <Filter Include="character\enemy\collider">
      <UniqueIdentifier>{19c989f6-73c8-4dc9-b801-6f1bf6e4cdc6}</UniqueIdentifier>
    </Filter>
    <Filter Include="character\enemy\state">
      <UniqueIdentifier>{effb19e7-3b1d-48de-9736-1825efd759fe}</UniqueIdentifier>
    </Filter>
    <Filter Include="entity\NewFilter1">
      <UniqueIdentifier>{0314cae5-c802-40f2-8697-ad4e1b8d1c45}</UniqueIdentifier>
    </Filter>
  </ItemGroup>
  <ItemGroup>
    <ClInclude Include="src\character\enemy\collider\EnemyCollider.h">
      <Filter>character\enemy\collider</Filter>
    </ClInclude>
    <ClInclude Include="src\character\enemy\state\EnemyChaseState.h">
      <Filter>character\enemy\state</Filter>
    </ClInclude>
    <ClInclude Include="src\character\enemy\state\EnemyIdleState.h">
      <Filter>character\enemy\state</Filter>
    </ClInclude>
    <ClInclude Include="src\character\enemy\Enemy.h">
      <Filter>character\enemy</Filter>
    </ClInclude>
    <ClInclude Include="src\character\enemy\state\EnemyState.h">
      <Filter>character\enemy\state</Filter>
    </ClInclude>
    <ClInclude Include="src\character\ICharacter.h">
      <Filter>character</Filter>
    </ClInclude>
    <ClInclude Include="src\character\CharacterCollider.h">
      <Filter>character</Filter>
    </ClInclude>
    <ClInclude Include="src\character\CharacterColliderID.h">
      <Filter>character</Filter>
    </ClInclude>
    <ClInclude Include="src\character\enemy\state\EnemyStateFactry.h">
      <Filter>character\enemy\state</Filter>
    </ClInclude>
    <ClInclude Include="src\character\enemy\state\EnemyStateType.h">
      <Filter>character\enemy\state</Filter>
    </ClInclude>
    <ClInclude Include="src\character\enemy\state\EnemyStateMachine.h">
      <Filter>character\enemy\state</Filter>
    </ClInclude>
    <ClInclude Include="src\character\player\CameraInput.h">
      <Filter>character\player</Filter>
    </ClInclude>
    <ClInclude Include="src\character\player\FollowCamera.h">
      <Filter>character\player</Filter>
    </ClInclude>
    <ClInclude Include="src\character\player\Player.h">
      <Filter>character\player</Filter>
    </ClInclude>
    <ClInclude Include="src\character\player\PlayerAttackTrigger.h">
      <Filter>character\player</Filter>
    </ClInclude>
    <ClInclude Include="src\character\player\PlayerAttackHitReceiver.h">
      <Filter>character\player</Filter>
    </ClInclude>
    <ClInclude Include="src\character\player\PlayerInput.h">
      <Filter>character\player</Filter>
    </ClInclude>
    <ClInclude Include="src\character\player\PlayerMovement.h">
      <Filter>character\player</Filter>
    </ClInclude>
    <ClInclude Include="src\combo\ComboBuffSystem.h">
      <Filter>combo</Filter>
    </ClInclude>
    <ClInclude Include="src\component\collider\PlayerAttackCollider.h">
      <Filter>component\collider</Filter>
    </ClInclude>
    <ClInclude Include="src\combo\ComboSystem.h">
      <Filter>combo</Filter>
    </ClInclude>
    <ClInclude Include="src\component\collider\PlayerCollider.h">
      <Filter>component\collider</Filter>
    </ClInclude>
    <ClInclude Include="src\component\HPComponent.h">
      <Filter>component</Filter>
    </ClInclude>
    <ClInclude Include="src\component\IMovement.h">
      <Filter>component</Filter>
    </ClInclude>
    <ClInclude Include="src\component\PhysicsMovement.h">
      <Filter>component</Filter>
    </ClInclude>
    <ClInclude Include="src\debug\DebugEntry.h">
      <Filter>debug</Filter>
    </ClInclude>
    <ClInclude Include="src\debug\DebugRegisterer.h">
      <Filter>debug</Filter>
    </ClInclude>
    <ClInclude Include="src\debug\DebugUIWrapper.h">
      <Filter>debug</Filter>
    </ClInclude>
    <ClInclude Include="src\debug\GameParameter.h">
      <Filter>debug</Filter>
    </ClInclude>
    <ClInclude Include="src\debug\ImGuiTextTemplate.h">
      <Filter>debug</Filter>
    </ClInclude>
    <ClInclude Include="src\entity\attack\AttackRepository.h">
      <Filter>entity\attack</Filter>
    </ClInclude>
    <ClInclude Include="src\entity\attack\PlayerAttack.h">
      <Filter>entity\attack</Filter>
    </ClInclude>
    <ClInclude Include="src\font\FontLayout.h">
      <Filter>font</Filter>
    </ClInclude>
    <ClInclude Include="src\font\NumericView.h">
      <Filter>font</Filter>
    </ClInclude>
    <ClInclude Include="src\factory\SceneFactory.h">
      <Filter>factory</Filter>
    </ClInclude>
    <ClInclude Include="src\framework\RhythmActionGame.h">
      <Filter>framework</Filter>
    </ClInclude>
    <ClInclude Include="src\judge\InputTimingJudge.h">
      <Filter>judge</Filter>
    </ClInclude>
    <ClInclude Include="src\judge\JudgeResutl.h">
      <Filter>judge</Filter>
    </ClInclude>
    <ClInclude Include="src\manager\BeatManager.h">
      <Filter>manager</Filter>
    </ClInclude>
    <ClInclude Include="src\math\Easing.h">
      <Filter>math</Filter>
    </ClInclude>
    <ClInclude Include="src\math\HSV.h">
      <Filter>math</Filter>
    </ClInclude>
    <ClInclude Include="src\math\VectorMath.h">
      <Filter>math</Filter>
    </ClInclude>
    <ClInclude Include="src\physics\ColliderTimer.h">
      <Filter>physics</Filter>
    </ClInclude>
    <ClInclude Include="src\physics\ColliderRepository.h">
      <Filter>physics</Filter>
    </ClInclude>
    <ClInclude Include="src\presentation\animation\AnimationTimeline.hpp">
      <Filter>presentation\animation</Filter>
    </ClInclude>
    <ClInclude Include="src\presentation\animation\AnimationTween.hpp">
      <Filter>presentation\animation</Filter>
    </ClInclude>
    <ClInclude Include="src\presentation\animation\RadialBeat.h">
      <Filter>presentation\animation</Filter>
    </ClInclude>
    <ClInclude Include="src\scene\GameScene.h">
      <Filter>scene</Filter>
    </ClInclude>
    <ClInclude Include="src\stage\stage.h">
      <Filter>stage</Filter>
    </ClInclude>
    <ClInclude Include="src\stage\StageClearFlow.h">
      <Filter>stage</Filter>
    </ClInclude>
    <ClInclude Include="src\stage\StageData.h">
      <Filter>stage</Filter>
    </ClInclude>
    <ClInclude Include="src\stage\StageSequence.h">
      <Filter>stage</Filter>
    </ClInclude>
    <ClInclude Include="src\stage\StageTransitionCollider.h">
      <Filter>stage</Filter>
    </ClInclude>
    <ClInclude Include="src\system\ScopedCursorHidden.h">
      <Filter>system</Filter>
    </ClInclude>
    <ClInclude Include="src\test\testCollider.h">
      <Filter>test</Filter>
    </ClInclude>
    <ClInclude Include="src\test\TestScene.h">
      <Filter>test</Filter>
    </ClInclude>
    <ClInclude Include="src\type\ColliderTypeID.h">
      <Filter>type</Filter>
    </ClInclude>
    <ClInclude Include="src\ui\ComboUI.h">
      <Filter>ui</Filter>
    </ClInclude>
    <ClInclude Include="src\ui\GameHUD.h">
      <Filter>ui</Filter>
    </ClInclude>
    <ClInclude Include="src\utility\CollisionUtility.h">
      <Filter>utility</Filter>
    </ClInclude>
    <ClInclude Include="src\utility\DeltaTimeManager.h">
      <Filter>utility</Filter>
    </ClInclude>
    <ClInclude Include="src\utility\DeltaTimeStopWatch.h">
      <Filter>utility</Filter>
    </ClInclude>
    <ClInclude Include="src\utility\strutl.h">
      <Filter>utility</Filter>
    </ClInclude>
    <ClInclude Include="src\utility\StopWatch.h">
      <Filter>utility</Filter>
    </ClInclude>
    <ClInclude Include="src\utility\ViewportUnits.hpp">
      <Filter>utility</Filter>
    </ClInclude>
    <ClInclude Include="src\utility\wndutl.h">
      <Filter>utility</Filter>
    </ClInclude>
    <ClInclude Include="src\entity\enemy\EnemiesOnField.h" />
  </ItemGroup>
  <ItemGroup>
    <None Include="cpp.hint" />
  </ItemGroup>
</Project>