<?xml version="1.0" encoding="utf-8"?>
<Project ToolsVersion="4.0" xmlns="http://schemas.microsoft.com/developer/msbuild/2003">
  <ItemGroup>
    <ClCompile Include="src\character\enemy\collider\EnemyCollider.cpp">
      <Filter>character\enemy\collider</Filter>
    </ClCompile>
    <ClCompile Include="src\character\enemy\state\EnemyChaseState.cpp">
      <Filter>character\enemy\state</Filter>
    </ClCompile>
    <ClCompile Include="src\character\enemy\state\EnemyStateMachine.cpp">
      <Filter>character\enemy\state</Filter>
    </ClCompile>
    <ClCompile Include="src\character\enemy\state\EnemyIdleState.cpp">
      <Filter>character\enemy\state</Filter>
    </ClCompile>
    <ClCompile Include="src\character\enemy\Enemy.cpp">
      <Filter>character\enemy</Filter>
    </ClCompile>
    <ClCompile Include="src\character\player\CameraInput.cpp">
      <Filter>character\player</Filter>
    </ClCompile>
    <ClCompile Include="src\character\player\FollowCamera.cpp">
      <Filter>character\player</Filter>
    </ClCompile>
    <ClCompile Include="src\character\player\Player.cpp">
      <Filter>character\player</Filter>
    </ClCompile>
    <ClCompile Include="src\character\player\PlayerAttackHitReceiver.cpp">
      <Filter>character\player</Filter>
    </ClCompile>
    <ClCompile Include="src\character\player\PlayerAttackTrigger.cpp">
      <Filter>character\player</Filter>
    </ClCompile>
    <ClCompile Include="src\combo\ComboBuffSystem.cpp">
      <Filter>combo</Filter>
    </ClCompile>
    <ClCompile Include="src\component\collider\PlayerAttackCollider.cpp">
      <Filter>component\collider</Filter>
    </ClCompile>
    <ClCompile Include="src\component\HPComponent.cpp">
      <Filter>component</Filter>
    </ClCompile>
    <ClCompile Include="src\entity\attack\AttackRepository.cpp">
      <Filter>entity\attack</Filter>
    </ClCompile>
    <ClCompile Include="src\entity\attack\PlayerAttack.cpp">
      <Filter>entity\attack</Filter>
    </ClCompile>
    <ClCompile Include="src\combo\ComboSystem.cpp">
      <Filter>combo</Filter>
    </ClCompile>
    <ClCompile Include="src\entity\enemy\EnemiesOnField.cpp">
      <Filter>entity\enemy</Filter>
    </ClCompile>
    <ClCompile Include="src\font\FontLayout.cpp">
      <Filter>font</Filter>
    </ClCompile>
    <ClCompile Include="src\font\NumericView.cpp">
      <Filter>font</Filter>
    </ClCompile>
    <ClCompile Include="src\character\player\PlayerInput.cpp">
      <Filter>character\player</Filter>
    </ClCompile>
    <ClCompile Include="src\character\player\PlayerMovement.cpp">
      <Filter>character\player</Filter>
    </ClCompile>
    <ClCompile Include="src\component\collider\PlayerCollider.cpp">
      <Filter>component\collider</Filter>
    </ClCompile>
    <ClCompile Include="src\component\PhysicsMovement.cpp">
      <Filter>component</Filter>
    </ClCompile>
    <ClCompile Include="src\debug\DebugEntry.cpp">
      <Filter>debug</Filter>
    </ClCompile>
    <ClCompile Include="src\debug\DebugUIWrapper.cpp">
      <Filter>debug</Filter>
    </ClCompile>
    <ClCompile Include="src\factory\SceneFactory.cpp">
      <Filter>factory</Filter>
    </ClCompile>
    <ClCompile Include="src\framework\BeatSlash.cpp">
      <Filter>framework</Filter>
    </ClCompile>
    <ClCompile Include="src\judge\InputTimingJudge.cpp">
      <Filter>judge</Filter>
    </ClCompile>
    <ClCompile Include="src\main.cpp" />
    <ClCompile Include="src\manager\BeatManager.cpp">
      <Filter>manager</Filter>
    </ClCompile>
    <ClCompile Include="src\math\Easing.cpp">
      <Filter>math</Filter>
    </ClCompile>
    <ClCompile Include="src\physics\ColliderRepository.cpp">
      <Filter>physics</Filter>
    </ClCompile>
    <ClCompile Include="src\physics\ColliderTimer.cpp">
      <Filter>physics</Filter>
    </ClCompile>
    <ClCompile Include="src\presentation\animation\RadialBeat.cpp">
      <Filter>presentation\animation</Filter>
    </ClCompile>
    <ClCompile Include="src\scene\GameScene.cpp">
      <Filter>scene</Filter>
    </ClCompile>
    <ClCompile Include="src\stage\stage.cpp">
      <Filter>stage</Filter>
    </ClCompile>
    <ClCompile Include="src\stage\StageClearFlow.cpp">
      <Filter>stage</Filter>
    </ClCompile>
    <ClCompile Include="src\stage\StageSequence.cpp">
      <Filter>stage</Filter>
    </ClCompile>
    <ClCompile Include="src\stage\StageTransitionCollider.cpp">
      <Filter>stage</Filter>
    </ClCompile>
    <ClCompile Include="src\test\TestScene.cpp">
      <Filter>test</Filter>
    </ClCompile>
    <ClCompile Include="src\ui\ComboUI.cpp">
      <Filter>ui</Filter>
    </ClCompile>
    <ClCompile Include="src\ui\GameHUD.cpp">
      <Filter>ui</Filter>
    </ClCompile>
    <ClCompile Include="src\utility\CollisionUtility.cpp">
      <Filter>utility</Filter>
    </ClCompile>
    <ClCompile Include="src\utility\DeltaTimeManager.cpp">
      <Filter>utility</Filter>
    </ClCompile>
    <ClCompile Include="src\utility\DeltaTimeStopWatch.cpp">
      <Filter>utility</Filter>
    </ClCompile>
    <ClCompile Include="src\utility\strutl.cpp">
      <Filter>utility</Filter>
    </ClCompile>
    <ClCompile Include="src\utility\StopWatch.cpp">
      <Filter>utility</Filter>
    </ClCompile>
    <ClCompile Include="src\entity\attack\PlayerAttackPresentation.cpp" />
    <ClCompile Include="src\factory\PlayerAttackFactory.cpp" />
  </ItemGroup>
  <ItemGroup>
    <Filter Include="character">
      <UniqueIdentifier>{2c7d1d1a-f012-4d70-8672-233dfa118e53}</UniqueIdentifier>
    </Filter>
    <Filter Include="combo">
      <UniqueIdentifier>{52339187-9a71-4576-8916-24958e37803f}</UniqueIdentifier>
    </Filter>
    <Filter Include="component">
      <UniqueIdentifier>{ca46d80e-bdb5-4ca5-977c-7432c1d18b23}</UniqueIdentifier>
    </Filter>
    <Filter Include="debug">
      <UniqueIdentifier>{c42dd6e6-88f1-4064-8342-a7bc1895f3b5}</UniqueIdentifier>
    </Filter>
    <Filter Include="entity">
      <UniqueIdentifier>{cd3090d2-57d2-405d-b081-b0621c1a905f}</UniqueIdentifier>
    </Filter>
    <Filter Include="factory">
      <UniqueIdentifier>{b2fc1c9e-0f56-49c5-977f-784bc0388b4c}</UniqueIdentifier>
    </Filter>
    <Filter Include="font">
      <UniqueIdentifier>{1148ada6-7a55-420c-88b3-38b621226b80}</UniqueIdentifier>
    </Filter>
    <Filter Include="framework">
      <UniqueIdentifier>{d5f317a4-3c88-4371-8760-227477826547}</UniqueIdentifier>
    </Filter>
    <Filter Include="judge">
      <UniqueIdentifier>{8e4d4bc2-f76f-4da0-8bac-59a24efd2ce5}</UniqueIdentifier>
    </Filter>
    <Filter Include="manager">
      <UniqueIdentifier>{88174e09-f112-4523-bcda-a60193d4f068}</UniqueIdentifier>
    </Filter>
    <Filter Include="math">
      <UniqueIdentifier>{7532918b-c8c0-408b-bdc9-cc68dff654ee}</UniqueIdentifier>
    </Filter>
    <Filter Include="physics">
      <UniqueIdentifier>{6c35ebcc-eccd-44f5-8ac7-6079cb1f8c46}</UniqueIdentifier>
    </Filter>
    <Filter Include="presentation">
      <UniqueIdentifier>{88479d60-313b-4924-8799-52bcc20ae823}</UniqueIdentifier>
    </Filter>
    <Filter Include="scene">
      <UniqueIdentifier>{837cbf4a-6386-47b6-b48f-d96629ee4788}</UniqueIdentifier>
    </Filter>
    <Filter Include="stage">
      <UniqueIdentifier>{32404a00-5cbd-4bd8-9643-3da6f38082c5}</UniqueIdentifier>
    </Filter>
    <Filter Include="system">
      <UniqueIdentifier>{ff45f4de-aa89-4e27-8d1f-1edb6e459baa}</UniqueIdentifier>
    </Filter>
    <Filter Include="test">
      <UniqueIdentifier>{d0bd1a4e-8416-4413-ad45-961788292fc0}</UniqueIdentifier>
    </Filter>
    <Filter Include="type">
      <UniqueIdentifier>{15230729-1040-4f61-8b1e-8720540f0514}</UniqueIdentifier>
    </Filter>
    <Filter Include="ui">
      <UniqueIdentifier>{09878089-d785-4a18-b35f-89f01d2d468c}</UniqueIdentifier>
    </Filter>
    <Filter Include="utility">
      <UniqueIdentifier>{fdda7e91-3aed-4abc-b672-1421de86cdac}</UniqueIdentifier>
    </Filter>
    <Filter Include="character\enemy">
      <UniqueIdentifier>{bff4f5d8-64c7-42aa-90f9-f453019145a8}</UniqueIdentifier>
    </Filter>
    <Filter Include="character\player">
      <UniqueIdentifier>{0a5d1a6f-e0db-43fa-afe2-502a16e7b6d4}</UniqueIdentifier>
    </Filter>
    <Filter Include="component\collider">
      <UniqueIdentifier>{031331fc-417c-4784-91fb-67b1dc4c1434}</UniqueIdentifier>
    </Filter>
    <Filter Include="entity\attack">
      <UniqueIdentifier>{54e35d36-28ff-4aea-baac-2db8738ad6db}</UniqueIdentifier>
    </Filter>
    <Filter Include="entity\enemy">
      <UniqueIdentifier>{2f2c267e-dcd2-4d63-89d8-2207fbd4d655}</UniqueIdentifier>
    </Filter>
    <Filter Include="presentation\animation">
      <UniqueIdentifier>{abc98157-94b7-4779-8ead-833d4c4ae6c4}</UniqueIdentifier>
    </Filter>
    <Filter Include="character\enemy\collider">
      <UniqueIdentifier>{f3d6e172-efd2-4665-b011-9fc18d6b5f76}</UniqueIdentifier>
    </Filter>
    <Filter Include="character\enemy\state">
      <UniqueIdentifier>{19a6a369-090c-44f9-9378-ec822decd412}</UniqueIdentifier>
    </Filter>
  </ItemGroup>
  <ItemGroup>
    <ClInclude Include="src\character\enemy\collider\EnemyCollider.h">
      <Filter>character\enemy\collider</Filter>
    </ClInclude>
    <ClInclude Include="src\character\enemy\state\EnemyChaseState.h">
      <Filter>character\enemy\state</Filter>
    </ClInclude>
    <ClInclude Include="src\character\enemy\state\EnemyIdleState.h">
      <Filter>character\enemy\state</Filter>
    </ClInclude>
    <ClInclude Include="src\character\enemy\Enemy.h">
      <Filter>character\enemy</Filter>
    </ClInclude>
    <ClInclude Include="src\character\enemy\state\EnemyState.h">
      <Filter>character\enemy\state</Filter>
    </ClInclude>
    <ClInclude Include="src\character\ICharacter.h">
      <Filter>character</Filter>
    </ClInclude>
    <ClInclude Include="src\character\CharacterCollider.h">
      <Filter>character</Filter>
    </ClInclude>
    <ClInclude Include="src\character\CharacterColliderID.h">
      <Filter>character</Filter>
    </ClInclude>
    <ClInclude Include="src\character\enemy\state\EnemyStateFactry.h">
      <Filter>character\enemy\state</Filter>
    </ClInclude>
    <ClInclude Include="src\character\enemy\state\EnemyStateType.h">
      <Filter>character\enemy\state</Filter>
    </ClInclude>
    <ClInclude Include="src\character\enemy\state\EnemyStateMachine.h">
      <Filter>character\enemy\state</Filter>
    </ClInclude>
    <ClInclude Include="src\character\player\CameraInput.h">
      <Filter>character\player</Filter>
    </ClInclude>
    <ClInclude Include="src\character\player\FollowCamera.h">
      <Filter>character\player</Filter>
    </ClInclude>
    <ClInclude Include="src\character\player\Player.h">
      <Filter>character\player</Filter>
    </ClInclude>
    <ClInclude Include="src\character\player\PlayerAttackTrigger.h">
      <Filter>character\player</Filter>
    </ClInclude>
    <ClInclude Include="src\character\player\PlayerAttackHitReceiver.h">
      <Filter>character\player</Filter>
    </ClInclude>
    <ClInclude Include="src\character\player\PlayerInput.h">
      <Filter>character\player</Filter>
    </ClInclude>
    <ClInclude Include="src\character\player\PlayerMovement.h">
      <Filter>character\player</Filter>
    </ClInclude>
    <ClInclude Include="src\combo\ComboBuffSystem.h">
      <Filter>combo</Filter>
    </ClInclude>
    <ClInclude Include="src\component\collider\PlayerAttackCollider.h">
      <Filter>component\collider</Filter>
    </ClInclude>
    <ClInclude Include="src\combo\ComboSystem.h">
      <Filter>combo</Filter>
    </ClInclude>
    <ClInclude Include="src\component\collider\PlayerCollider.h">
      <Filter>component\collider</Filter>
    </ClInclude>
    <ClInclude Include="src\component\HPComponent.h">
      <Filter>component</Filter>
    </ClInclude>
    <ClInclude Include="src\component\IMovement.h">
      <Filter>component</Filter>
    </ClInclude>
    <ClInclude Include="src\component\PhysicsMovement.h">
      <Filter>component</Filter>
    </ClInclude>
    <ClInclude Include="src\debug\DebugEntry.h">
      <Filter>debug</Filter>
    </ClInclude>
    <ClInclude Include="src\debug\DebugRegisterer.h">
      <Filter>debug</Filter>
    </ClInclude>
    <ClInclude Include="src\debug\DebugUIWrapper.h">
      <Filter>debug</Filter>
    </ClInclude>
    <ClInclude Include="src\debug\GameParameter.h">
      <Filter>debug</Filter>
    </ClInclude>
    <ClInclude Include="src\debug\ImGuiTextTemplate.h">
      <Filter>debug</Filter>
    </ClInclude>
    <ClInclude Include="src\entity\attack\AttackRepository.h">
      <Filter>entity\attack</Filter>
    </ClInclude>
    <ClInclude Include="src\entity\attack\PlayerAttack.h">
      <Filter>entity\attack</Filter>
    </ClInclude>
    <ClInclude Include="src\entity\enemy\EnemiesOnField.h">
      <Filter>entity\enemy</Filter>
    </ClInclude>
    <ClInclude Include="src\font\FontLayout.h">
      <Filter>font</Filter>
    </ClInclude>
    <ClInclude Include="src\font\NumericView.h">
      <Filter>font</Filter>
    </ClInclude>
    <ClInclude Include="src\factory\SceneFactory.h">
      <Filter>factory</Filter>
    </ClInclude>
    <ClInclude Include="src\framework\BeatSlash.h">
      <Filter>framework</Filter>
    </ClInclude>
    <ClInclude Include="src\judge\InputTimingJudge.h">
      <Filter>judge</Filter>
    </ClInclude>
    <ClInclude Include="src\judge\JudgeResutl.h">
      <Filter>judge</Filter>
    </ClInclude>
    <ClInclude Include="src\manager\BeatManager.h">
      <Filter>manager</Filter>
    </ClInclude>
    <ClInclude Include="src\math\Easing.h">
      <Filter>math</Filter>
    </ClInclude>
    <ClInclude Include="src\math\HSV.h">
      <Filter>math</Filter>
    </ClInclude>
    <ClInclude Include="src\math\VectorMath.h">
      <Filter>math</Filter>
    </ClInclude>
    <ClInclude Include="src\physics\ColliderTimer.h">
      <Filter>physics</Filter>
    </ClInclude>
    <ClInclude Include="src\physics\ColliderRepository.h">
      <Filter>physics</Filter>
    </ClInclude>
    <ClInclude Include="src\presentation\animation\AnimationTimeline.hpp">
      <Filter>presentation\animation</Filter>
    </ClInclude>
    <ClInclude Include="src\presentation\animation\AnimationTween.hpp">
      <Filter>presentation\animation</Filter>
    </ClInclude>
    <ClInclude Include="src\presentation\animation\RadialBeat.h">
      <Filter>presentation\animation</Filter>
    </ClInclude>
    <ClInclude Include="src\scene\GameScene.h">
      <Filter>scene</Filter>
    </ClInclude>
    <ClInclude Include="src\stage\stage.h">
      <Filter>stage</Filter>
    </ClInclude>
    <ClInclude Include="src\stage\StageClearFlow.h">
      <Filter>stage</Filter>
    </ClInclude>
    <ClInclude Include="src\stage\StageData.h">
      <Filter>stage</Filter>
    </ClInclude>
    <ClInclude Include="src\stage\StageSequence.h">
      <Filter>stage</Filter>
    </ClInclude>
    <ClInclude Include="src\stage\StageTransitionCollider.h">
      <Filter>stage</Filter>
    </ClInclude>
    <ClInclude Include="src\system\ScopedCursorHidden.h">
      <Filter>system</Filter>
    </ClInclude>
    <ClInclude Include="src\test\testCollider.h">
      <Filter>test</Filter>
    </ClInclude>
    <ClInclude Include="src\test\TestScene.h">
      <Filter>test</Filter>
    </ClInclude>
    <ClInclude Include="src\type\ColliderTypeID.h">
      <Filter>type</Filter>
    </ClInclude>
    <ClInclude Include="src\ui\ComboUI.h">
      <Filter>ui</Filter>
    </ClInclude>
    <ClInclude Include="src\ui\GameHUD.h">
      <Filter>ui</Filter>
    </ClInclude>
    <ClInclude Include="src\utility\CollisionUtility.h">
      <Filter>utility</Filter>
    </ClInclude>
    <ClInclude Include="src\utility\DeltaTimeManager.h">
      <Filter>utility</Filter>
    </ClInclude>
    <ClInclude Include="src\utility\DeltaTimeStopWatch.h">
      <Filter>utility</Filter>
    </ClInclude>
    <ClInclude Include="src\utility\strutl.h">
      <Filter>utility</Filter>
    </ClInclude>
    <ClInclude Include="src\utility\StopWatch.h">
      <Filter>utility</Filter>
    </ClInclude>
    <ClInclude Include="src\utility\ViewportUnits.hpp">
      <Filter>utility</Filter>
    </ClInclude>
    <ClInclude Include="src\utility\wndutl.h">
      <Filter>utility</Filter>
    </ClInclude>
    <ClInclude Include="src\entity\attack\PlayerAttackPresentation.h" />
    <ClInclude Include="src\factory\PlayerAttackFactory.h" />
    <ClInclude Include="src\common\ParticleEmitterPresetNames.h" />
  </ItemGroup>
  <ItemGroup>
    <None Include="cpp.hint" />
  </ItemGroup>
</Project>